jq             ${BLOCK_PATH}/jq             git@github.com:imma/jq             ed286c7a80765f368ffa07dac42a4e6ba4c66564 develop 
shflags        ${BLOCK_PATH}/shflags        git@github.com:imma/shflags        3c64c0a69cf3181de5f80867a423f459a2ae17c4 develop 
normalize      ${BLOCK_PATH}/normalize      git@github.com:imma/normalize      4cfa4d9857b143852cb0bafbc6440fe1c8948683 develop 
bash-preexec   ${BLOCK_PATH}/bash-preexec   git@github.com:imma/bash-preexec   4d7ed2552dcb6f37c4718e3ac36768d0008dd5db develop 
sub            ${BLOCK_PATH}/sub            git@github.com:imma/sub            15e24271e2dadf95a0b7204aabf503db91666c10 develop 
runmany        ${BLOCK_PATH}/runmany        git@github.com:imma/runmany        dcf830e094bb65d6c13668607aa502db4b7bb2eb develop 
block          ${BLOCK_PATH}/block          git@github.com:imma/block          7eed1df6c02327213af7d798127b01dce68ebbb5 develop 
ubuntu-config  ${BLOCK_PATH}/ubuntu-config  git@github.com:imma/ubuntu-config  0530dab0ed5d8977478c97658772b5a7a5671d43 develop 
homebrew       ${BLOCK_PATH}/homebrew       git@github.com:imma/homebrew       a9548200d97260cd1aa49b28ae58d82efdc6dc7b develop 
java           ${BLOCK_PATH}/java           git@github.com:imma/java           0a9058e9d27edc93b145cdd26571e453d1412e2e develop 
instance       ${BLOCK_PATH}/instance       git@github.com:imma/instance       fbbc5f4d367392a413c2a6c580d62dab71026b2e develop 
base           ${BLOCK_PATH}/base           git@github.com:imma/base           1469b992ef23b311634aa8df6186f8d6b4b983e2 develop 
pkgsrc         ${BLOCK_PATH}/pkgsrc         git@github.com:imma/pkgsrc         2f230f47c189ec11dbb94889f8b3da8df1834f86 develop 
python         ${BLOCK_PATH}/python         git@github.com:imma/python         0b2e1c83ed688ea41bc7149658d2924bd2955685 develop 
ansible        ${BLOCK_PATH}/ansible        git@github.com:imma/ansible        5e284ecb42e2eed197036a5dc75dfad27200509d develop 
cache          ${BLOCK_PATH}/cache          git@github.com:imma/cache          df92d04fc48fd00466c48dbd665c49389ccf4612 develop 
inventory      ${BLOCK_PATH}/inventory      git@github.com:imma/inventory      ff1c386e1dde3ad8236b264d859989855e28f4e4 develop 
deploy         ${BLOCK_PATH}/deploy         git@github.com:imma/deploy         c30e1eb517750745f68e46d61530bb12e1c5fa82 develop 
htop           ${BLOCK_PATH}/htop           git@github.com:imma/htop           9c77b4936f57687f2b08e8b32b0bec8278485702 develop 
sysadmin       ${BLOCK_PATH}/sysadmin       git@github.com:imma/sysadmin       16158a4165b7059a272b039754372a7cd0386368 develop 
ruby           ${BLOCK_PATH}/ruby           git@github.com:imma/ruby           defff7104e552bc7c09fd987217c4062ddd22930 develop 
curl           ${BLOCK_PATH}/curl           git@github.com:imma/curl           2f1e135e468d2cd3f08cbc1cbeeb812e08876517 develop 
nodeenv        ${BLOCK_PATH}/nodeenv        git@github.com:imma/nodeenv        cebb10167854a26eb0b7a1f89e9902ae1be3b599 develop 
node           ${BLOCK_PATH}/node           git@github.com:imma/node           52794345be5a468148a2b4f5aebffb1036ddd8e5 develop 
yarn           ${BLOCK_PATH}/yarn           git@github.com:imma/yarn           5ebb1cfb111522c1588bceb781ad9a597312c0ef develop 
bash4          ${BLOCK_PATH}/bash4          git@github.com:imma/bash4          26273e5163a164a5e6289c893fd21c21bb941d8f develop 
jqq            ${BLOCK_PATH}/jqq            git@github.com:imma/jqq            aa81a1d24c298b0d86caba7ec330790286bdd6af develop 
runit          ${BLOCK_PATH}/runit          git@github.com:imma/runit          e909ea96b1b85dfab4f38d619a046f3fe37030e1 develop 
service        ${BLOCK_PATH}/service        git@github.com:imma/service        e49728cd63ebf6942e2a7c76f750fcb98a800123 develop 
sshd           ${BLOCK_PATH}/sshd           git@github.com:imma/sshd           cc0a925a4703e02285fefa552ce14985e89c506a develop 
facts          ${BLOCK_PATH}/facts          git@github.com:imma/facts          fb52e6664e7b6efcc89ee2a046cc92698dc32890 develop 
consul         ${BLOCK_PATH}/consul         git@github.com:imma/consul         bbb40341de6a91dd04439269e3a136b6db4de4d5 develop 
consul-agent   ${BLOCK_PATH}/consul-agent   git@github.com:imma/consul-agent   ab01a359a1fa0c352cce5a9bea6bec2b09371e31 develop 
etcd           ${BLOCK_PATH}/etcd           git@github.com:imma/etcd           be807cea91cf46103557e19968be7f017bca1452 develop 
linkerd        ${BLOCK_PATH}/linkerd        git@github.com:imma/linkerd        fbfd0fa4d5e6fd1513d4c5ea68905246bc80f571 develop 
syslog-ng      ${BLOCK_PATH}/syslog-ng      git@github.com:imma/syslog-ng      cc4f73bf7ce9d874ebf85dacb81a96a47bb187cf develop 
parity         ${BLOCK_PATH}/parity         git@github.com:imma/parity         1830b9f5878b803f235ce3701b19719bca3589ac develop 
vagrant        ${BLOCK_PATH}/vagrant        git@github.com:imma/vagrant        29bead5faea8ab3545e1f877590e7c51e2c58b96 develop 
context        ${BLOCK_PATH}/context        git@github.com:imma/context        b49e59a44018f1c9c5a462f69507c71248f3d41a develop 
docker-compose ${BLOCK_PATH}/docker-compose git@github.com:imma/docker-compose 3c07eb6461fc320c72f44fd56ca57bc7f451d0a9 develop 
docker-machine ${BLOCK_PATH}/docker-machine git@github.com:imma/docker-machine eb06e6b8c1a959e13cd22d74c2b7194ba61f0aba develop 
aws            ${BLOCK_PATH}/aws            git@github.com:imma/aws            048d2feefdd4cff08051b5d886063d29bd25e2ff develop 
awesome        ${BLOCK_PATH}/awesome        git@github.com:imma/awesome        bb3a2fb80b9f807de15ea3c235442a800fc5cb4d develop 
digitalocean   ${BLOCK_PATH}/digitalocean   git@github.com:imma/digitalocean   f1db56f9ecb3696a05e69097e12bc8c1a73ecd38 develop 
cloud          ${BLOCK_PATH}/cloud          git@github.com:imma/cloud          d58d2fba2a1cc6fdc09182982393f2cec7dad612 develop 
imma           ${BLOCK_PATH}/imma           git@github.com:imma/imma           4f86566e5459716dd39b86e0d5ad75fcf728cace develop 
fogg           ${BLOCK_PATH}/fogg           git@github.com:imma/fogg           3852d22685075139ad8b94b6a1a003a78233bed6 develop 
git            ${BLOCK_PATH}/git            git@github.com:imma/git            6c4a7ed25756d41d49dac4568f5aea72579117a3 develop 
github         ${BLOCK_PATH}/github         git@github.com:imma/github         23538acf024dcaf7c446987a96381f4155c20159 develop 
netdata        ${BLOCK_PATH}/netdata        git@github.com:imma/netdata        fb24e737d069652e236bbee973faf4dca522b49e develop 
monitor        ${BLOCK_PATH}/monitor        git@github.com:imma/monitor        ba0e69c5d87fa6f02038c75637d3ba831f529a5f develop 
gpg            ${BLOCK_PATH}/gpg            git@github.com:imma/gpg            9fcc7edf3ffa552528681f86a93ee74bb65b6d29 develop 
git-crypt      ${BLOCK_PATH}/git-crypt      git@github.com:imma/git-crypt      91e841cbde3bb6999aab0a2e3287baf141651d8c develop 
go             ${BLOCK_PATH}/go             git@github.com:imma/go             c7d495fc8beef0a061ffd6140b44ef4f689c9f7a develop 
cfssl          ${BLOCK_PATH}/cfssl          git@github.com:imma/cfssl          51dcf28ec1a6d361b752c3616e30fbec2f86f764 develop 
crypto         ${BLOCK_PATH}/crypto         git@github.com:imma/crypto         7c1343f398ef2419680384be7c49edd36ac35713 develop 
home           ${BLOCK_PATH}/home           git@github.com:imma/home           0374533f12e9a80d9725a047bce57467e21c279a develop 
talign         ${BLOCK_PATH}/talign         git@github.com:imma/talign         4aed11c0f667966da9a6b7f0dbb5d4aa436b7b65 develop 
defn           ${BLOCK_PATH}/defn           git@github.com:imma/defn           5bf5cbe086066ca5a0da36f4b049bb1a96ec55d0 develop 
junas          ${BLOCK_PATH}/junas          git@github.com:imma/junas          d2801443a97d16da28589ddd47d1638c3a43112e develop 
cue            ${BLOCK_PATH}/cue            git@github.com:imma/cue            4b7a5a008835ab8f727a0ee4edf73ad89aa15e23 develop 
example        ${BLOCK_PATH}/example        git@github.com:imma/example        22319603862a3cac9893c5edb9f271144f84a7cb develop 
nothing        ${BLOCK_PATH}/nothing        git@github.com:imma/nothing        4cf3537cebbc7fcfc43e4a71de668283543558eb develop 
app            ${BLOCK_PATH}/app            git@github.com:imma/app            9b221b169a4e923f2990d400b523e65b6d46cf1d develop 
